
Microsoft Visual Studio Solution File, Format Version 12.00
# Visual Studio Version 16
VisualStudioVersion = 16.0.33927.289
MinimumVisualStudioVersion = 10.0.40219.1
Project("{FAE04EC0-301F-11D3-BF4B-00C04F79EFBC}") = "dotNET-module-9-homework", "dotNET-module-9-homework\dotNET-module-9-homework.csproj", "{4EBDBCDA-981B-4FAB-8B28-4F25283BA007}"
EndProject
Project("{FAE04EC0-301F-11D3-BF4B-00C04F79EFBC}") = "ClassLibrary", "ClassLibrary\ClassLibrary.csproj", "{C149D9CE-E9C1-43E9-B22B-A578FCDFF81C}"
EndProject
Global
	GlobalSection(SolutionConfigurationPlatforms) = preSolution
		Debug|Any CPU = Debug|Any CPU
		Release|Any CPU = Release|Any CPU
	EndGlobalSection
	GlobalSection(ProjectConfigurationPlatforms) = postSolution
		{4EBDBCDA-981B-4FAB-8B28-4F25283BA007}.Debug|Any CPU.ActiveCfg = Debug|Any CPU
		{4EBDBCDA-981B-4FAB-8B28-4F25283BA007}.Debug|Any CPU.Build.0 = Debug|Any CPU
		{4EBDBCDA-981B-4FAB-8B28-4F25283BA007}.Release|Any CPU.ActiveCfg = Release|Any CPU
		{4EBDBCDA-981B-4FAB-8B28-4F25283BA007}.Release|Any CPU.Build.0 = Release|Any CPU
		{C149D9CE-E9C1-43E9-B22B-A578FCDFF81C}.Debug|Any CPU.ActiveCfg = Debug|Any CPU
		{C149D9CE-E9C1-43E9-B22B-A578FCDFF81C}.Debug|Any CPU.Build.0 = Debug|Any CPU
		{C149D9CE-E9C1-43E9-B22B-A578FCDFF81C}.Release|Any CPU.ActiveCfg = Release|Any CPU
		{C149D9CE-E9C1-43E9-B22B-A578FCDFF81C}.Release|Any CPU.Build.0 = Release|Any CPU
	EndGlobalSection
	GlobalSection(SolutionProperties) = preSolution
		HideSolutionNode = FALSE
	EndGlobalSection
	GlobalSection(ExtensibilityGlobals) = postSolution
		SolutionGuid = {1B16E06E-3D07-4B63-8272-B10BD44E7B15}
	EndGlobalSection
EndGlobal
